
Microsoft Visual Studio Solution File, Format Version 12.00
# Visual Studio 15
VisualStudioVersion = 15.0.26228.12
MinimumVisualStudioVersion = 15.0.26124.0
Project("{FAE04EC0-301F-11D3-BF4B-00C04F79EFBC}") = "PeNet", "src\PeNet\PeNet.csproj", "{D0E472B3-E1D7-4863-8533-B9D5FA485885}"
EndProject
Project("{2150E333-8FDC-42A3-9474-1A3956D46DE8}") = "src", "src", "{2A0C89E7-DC2F-40BE-BAEA-441C52242928}"
EndProject
Project("{2150E333-8FDC-42A3-9474-1A3956D46DE8}") = "test", "test", "{0ED75EC8-4284-4A36-98B5-02CABEBDC963}"
EndProject
Project("{FAE04EC0-301F-11D3-BF4B-00C04F79EFBC}") = "PeNet_Test", "test\PeNet_Test\PeNet_Test.csproj", "{67EF3E73-48C4-4480-AB6C-569324C5C013}"
EndProject
Project("{2150E333-8FDC-42A3-9474-1A3956D46DE8}") = "Solution Items", "Solution Items", "{8F793F5D-E470-44A2-A99C-8E1ACFDAD0C2}"
	ProjectSection(SolutionItems) = preProject
		.gitattributes = .gitattributes
		.gitignore = .gitignore
		LICENSE = LICENSE
		README.md = README.md
	EndProjectSection
EndProject
Global
	GlobalSection(SolutionConfigurationPlatforms) = preSolution
		Debug|Any CPU = Debug|Any CPU
		Debug|x64 = Debug|x64
		Debug|x86 = Debug|x86
		Release|Any CPU = Release|Any CPU
		Release|x64 = Release|x64
		Release|x86 = Release|x86
	EndGlobalSection
	GlobalSection(ProjectConfigurationPlatforms) = postSolution
		{D0E472B3-E1D7-4863-8533-B9D5FA485885}.Debug|Any CPU.ActiveCfg = Debug|Any CPU
		{D0E472B3-E1D7-4863-8533-B9D5FA485885}.Debug|Any CPU.Build.0 = Debug|Any CPU
		{D0E472B3-E1D7-4863-8533-B9D5FA485885}.Debug|x64.ActiveCfg = Debug|Any CPU
		{D0E472B3-E1D7-4863-8533-B9D5FA485885}.Debug|x64.Build.0 = Debug|Any CPU
		{D0E472B3-E1D7-4863-8533-B9D5FA485885}.Debug|x86.ActiveCfg = Debug|Any CPU
		{D0E472B3-E1D7-4863-8533-B9D5FA485885}.Debug|x86.Build.0 = Debug|Any CPU
		{D0E472B3-E1D7-4863-8533-B9D5FA485885}.Release|Any CPU.ActiveCfg = Release|Any CPU
		{D0E472B3-E1D7-4863-8533-B9D5FA485885}.Release|Any CPU.Build.0 = Release|Any CPU
		{D0E472B3-E1D7-4863-8533-B9D5FA485885}.Release|x64.ActiveCfg = Release|Any CPU
		{D0E472B3-E1D7-4863-8533-B9D5FA485885}.Release|x64.Build.0 = Release|Any CPU
		{D0E472B3-E1D7-4863-8533-B9D5FA485885}.Release|x86.ActiveCfg = Release|Any CPU
		{D0E472B3-E1D7-4863-8533-B9D5FA485885}.Release|x86.Build.0 = Release|Any CPU
		{67EF3E73-48C4-4480-AB6C-569324C5C013}.Debug|Any CPU.ActiveCfg = Debug|Any CPU
		{67EF3E73-48C4-4480-AB6C-569324C5C013}.Debug|Any CPU.Build.0 = Debug|Any CPU
		{67EF3E73-48C4-4480-AB6C-569324C5C013}.Debug|x64.ActiveCfg = Debug|Any CPU
		{67EF3E73-48C4-4480-AB6C-569324C5C013}.Debug|x64.Build.0 = Debug|Any CPU
		{67EF3E73-48C4-4480-AB6C-569324C5C013}.Debug|x86.ActiveCfg = Debug|Any CPU
		{67EF3E73-48C4-4480-AB6C-569324C5C013}.Debug|x86.Build.0 = Debug|Any CPU
		{67EF3E73-48C4-4480-AB6C-569324C5C013}.Release|Any CPU.ActiveCfg = Release|Any CPU
		{67EF3E73-48C4-4480-AB6C-569324C5C013}.Release|Any CPU.Build.0 = Release|Any CPU
		{67EF3E73-48C4-4480-AB6C-569324C5C013}.Release|x64.ActiveCfg = Release|Any CPU
		{67EF3E73-48C4-4480-AB6C-569324C5C013}.Release|x64.Build.0 = Release|Any CPU
		{67EF3E73-48C4-4480-AB6C-569324C5C013}.Release|x86.ActiveCfg = Release|Any CPU
		{67EF3E73-48C4-4480-AB6C-569324C5C013}.Release|x86.Build.0 = Release|Any CPU
	EndGlobalSection
	GlobalSection(SolutionProperties) = preSolution
		HideSolutionNode = FALSE
	EndGlobalSection
	GlobalSection(NestedProjects) = preSolution
		{D0E472B3-E1D7-4863-8533-B9D5FA485885} = {2A0C89E7-DC2F-40BE-BAEA-441C52242928}
		{67EF3E73-48C4-4480-AB6C-569324C5C013} = {0ED75EC8-4284-4A36-98B5-02CABEBDC963}
	EndGlobalSection
EndGlobal
